Microsoft Visual Studio Solution File, Format Version 12.00
# Visual Studio Version 17
VisualStudioVersion = 17.5.2.0
MinimumVisualStudioVersion = 10.0.40219.1
Project("{FAE04EC0-301F-11D3-BF4B-00C04F79EFBC}") = "job_board_api", "job_board_api.csproj", "{519C9598-C2F1-2B6C-C7B8-86E8158F176D}"
EndProject
Global
	GlobalSection(SolutionConfigurationPlatforms) = preSolution
		Debug|Any CPU = Debug|Any CPU
		Release|Any CPU = Release|Any CPU
	EndGlobalSection
	GlobalSection(ProjectConfigurationPlatforms) = postSolution
		{519C9598-C2F1-2B6C-C7B8-86E8158F176D}.Debug|Any CPU.ActiveCfg = Debug|Any CPU
		{519C9598-C2F1-2B6C-C7B8-86E8158F176D}.Debug|Any CPU.Build.0 = Debug|Any CPU
		{519C9598-C2F1-2B6C-C7B8-86E8158F176D}.Release|Any CPU.ActiveCfg = Release|Any CPU
		{519C9598-C2F1-2B6C-C7B8-86E8158F176D}.Release|Any CPU.Build.0 = Release|Any CPU
	EndGlobalSection
	GlobalSection(SolutionProperties) = preSolution
		HideSolutionNode = FALSE
	EndGlobalSection
	GlobalSection(ExtensibilityGlobals) = postSolution
		SolutionGuid = {ED437FEC-28E0-4F0B-887A-1B4AFAAD3EA2}
	EndGlobalSection
EndGlobal
